
Microsoft Visual Studio Solution File, Format Version 12.00
# Visual Studio Version 16
VisualStudioVersion = 16.0.30114.105
MinimumVisualStudioVersion = 10.0.40219.1
Project("{FAE04EC0-301F-11D3-BF4B-00C04F79EFBC}") = "Tests", "tests\Tests.csproj", "{59F3EAB5-02E7-494D-9047-7AB6515945BC}"
EndProject
Project("{FAE04EC0-301F-11D3-BF4B-00C04F79EFBC}") = "Domain", "Domain\Domain.csproj", "{29F2FA91-64EF-42C7-870A-7E516B9E8839}"
EndProject
Project("{FAE04EC0-301F-11D3-BF4B-00C04F79EFBC}") = "Presentation", "Presentation\Presentation.csproj", "{38725513-E33B-4040-82DC-F05F7FECB20A}"
EndProject
Project("{FAE04EC0-301F-11D3-BF4B-00C04F79EFBC}") = "BadgerMvvm.Core", "BadgerMvvm\src\Core\BadgerMvvm.Core.csproj", "{4D6C7D4D-2414-4D94-B07E-6B7CAE09A827}"
EndProject
Global
	GlobalSection(SolutionConfigurationPlatforms) = preSolution
		Debug|Any CPU = Debug|Any CPU
		Release|Any CPU = Release|Any CPU
	EndGlobalSection
	GlobalSection(SolutionProperties) = preSolution
		HideSolutionNode = FALSE
	EndGlobalSection
	GlobalSection(ProjectConfigurationPlatforms) = postSolution
		{59F3EAB5-02E7-494D-9047-7AB6515945BC}.Debug|Any CPU.ActiveCfg = Debug|Any CPU
		{59F3EAB5-02E7-494D-9047-7AB6515945BC}.Debug|Any CPU.Build.0 = Debug|Any CPU
		{59F3EAB5-02E7-494D-9047-7AB6515945BC}.Release|Any CPU.ActiveCfg = Release|Any CPU
		{59F3EAB5-02E7-494D-9047-7AB6515945BC}.Release|Any CPU.Build.0 = Release|Any CPU
		{29F2FA91-64EF-42C7-870A-7E516B9E8839}.Debug|Any CPU.ActiveCfg = Debug|Any CPU
		{29F2FA91-64EF-42C7-870A-7E516B9E8839}.Debug|Any CPU.Build.0 = Debug|Any CPU
		{29F2FA91-64EF-42C7-870A-7E516B9E8839}.Release|Any CPU.ActiveCfg = Release|Any CPU
		{29F2FA91-64EF-42C7-870A-7E516B9E8839}.Release|Any CPU.Build.0 = Release|Any CPU
		{38725513-E33B-4040-82DC-F05F7FECB20A}.Debug|Any CPU.ActiveCfg = Debug|Any CPU
		{38725513-E33B-4040-82DC-F05F7FECB20A}.Debug|Any CPU.Build.0 = Debug|Any CPU
		{38725513-E33B-4040-82DC-F05F7FECB20A}.Release|Any CPU.ActiveCfg = Release|Any CPU
		{38725513-E33B-4040-82DC-F05F7FECB20A}.Release|Any CPU.Build.0 = Release|Any CPU
		{4D6C7D4D-2414-4D94-B07E-6B7CAE09A827}.Debug|Any CPU.ActiveCfg = Debug|Any CPU
		{4D6C7D4D-2414-4D94-B07E-6B7CAE09A827}.Debug|Any CPU.Build.0 = Debug|Any CPU
		{4D6C7D4D-2414-4D94-B07E-6B7CAE09A827}.Release|Any CPU.ActiveCfg = Release|Any CPU
		{4D6C7D4D-2414-4D94-B07E-6B7CAE09A827}.Release|Any CPU.Build.0 = Release|Any CPU
	EndGlobalSection
EndGlobal
